// !$*UTF8*$!
{
	archiveVersion = 1;
	classes = {
	};
	objectVersion = 48;
	objects = {

/* Begin PBXBuildFile section */
		63542CEE208841B900430D4D /* DetailViewController.swift in Sources */ = {isa = PBXBuildFile; fileRef = 63542CED208841B900430D4D /* DetailViewController.swift */; };
		63904BCD2088448E00150612 /* ViewController.swift in Sources */ = {isa = PBXBuildFile; fileRef = 63904BCC2088448E00150612 /* ViewController.swift */; };
		63904BCF20886FAC00150612 /* TodoModel.swift in Sources */ = {isa = PBXBuildFile; fileRef = 63904BCE20886FAC00150612 /* TodoModel.swift */; };
		63F374722087811100811824 /* AppDelegate.swift in Sources */ = {isa = PBXBuildFile; fileRef = 63F374712087811100811824 /* AppDelegate.swift */; };
		63F374772087811100811824 /* Main.storyboard in Resources */ = {isa = PBXBuildFile; fileRef = 63F374752087811100811824 /* Main.storyboard */; };
		63F374792087811100811824 /* Assets.xcassets in Resources */ = {isa = PBXBuildFile; fileRef = 63F374782087811100811824 /* Assets.xcassets */; };
		63F3747C2087811100811824 /* LaunchScreen.storyboard in Resources */ = {isa = PBXBuildFile; fileRef = 63F3747A2087811100811824 /* LaunchScreen.storyboard */; };
		63F374872087811100811824 /* todoTests.swift in Sources */ = {isa = PBXBuildFile; fileRef = 63F374862087811100811824 /* todoTests.swift */; };
		63F374922087811100811824 /* todoUITests.swift in Sources */ = {isa = PBXBuildFile; fileRef = 63F374912087811100811824 /* todoUITests.swift */; };
		CFD3A7A320B2C2CB000571D1 /* repository in Resources */ = {isa = PBXBuildFile; fileRef = CFD3A7A220B2C2CB000571D1 /* repository */; };
		CFD6E80420AD880000B42339 /* File.swift in Sources */ = {isa = PBXBuildFile; fileRef = CFD6E80320AD880000B42339 /* File.swift */; };
/* End PBXBuildFile section */

/* Begin PBXContainerItemProxy section */
		63F374832087811100811824 /* PBXContainerItemProxy */ = {
			isa = PBXContainerItemProxy;
			containerPortal = 63F374662087811000811824 /* Project object */;
			proxyType = 1;
			remoteGlobalIDString = 63F3746D2087811100811824;
			remoteInfo = todo;
		};
		63F3748E2087811100811824 /* PBXContainerItemProxy */ = {
			isa = PBXContainerItemProxy;
			containerPortal = 63F374662087811000811824 /* Project object */;
			proxyType = 1;
			remoteGlobalIDString = 63F3746D2087811100811824;
			remoteInfo = todo;
		};
/* End PBXContainerItemProxy section */

/* Begin PBXFileReference section */
		63542CED208841B900430D4D /* DetailViewController.swift */ = {isa = PBXFileReference; lastKnownFileType = sourcecode.swift; path = DetailViewController.swift; sourceTree = "<group>"; };
		63904BCC2088448E00150612 /* ViewController.swift */ = {isa = PBXFileReference; lastKnownFileType = sourcecode.swift; path = ViewController.swift; sourceTree = "<group>"; };
		63904BCE20886FAC00150612 /* TodoModel.swift */ = {isa = PBXFileReference; lastKnownFileType = sourcecode.swift; path = TodoModel.swift; sourceTree = "<group>"; };
		63F3746E2087811100811824 /* todo.app */ = {isa = PBXFileReference; explicitFileType = wrapper.application; includeInIndex = 0; path = todo.app; sourceTree = BUILT_PRODUCTS_DIR; };
		63F374712087811100811824 /* AppDelegate.swift */ = {isa = PBXFileReference; lastKnownFileType = sourcecode.swift; path = AppDelegate.swift; sourceTree = "<group>"; };
		63F374762087811100811824 /* Base */ = {isa = PBXFileReference; lastKnownFileType = file.storyboard; name = Base; path = Base.lproj/Main.storyboard; sourceTree = "<group>"; };
		63F374782087811100811824 /* Assets.xcassets */ = {isa = PBXFileReference; lastKnownFileType = folder.assetcatalog; path = Assets.xcassets; sourceTree = "<group>"; };
		63F3747B2087811100811824 /* Base */ = {isa = PBXFileReference; lastKnownFileType = file.storyboard; name = Base; path = Base.lproj/LaunchScreen.storyboard; sourceTree = "<group>"; };
		63F3747D2087811100811824 /* Info.plist */ = {isa = PBXFileReference; lastKnownFileType = text.plist.xml; path = Info.plist; sourceTree = "<group>"; };
		63F374822087811100811824 /* todoTests.xctest */ = {isa = PBXFileReference; explicitFileType = wrapper.cfbundle; includeInIndex = 0; path = todoTests.xctest; sourceTree = BUILT_PRODUCTS_DIR; };
		63F374862087811100811824 /* todoTests.swift */ = {isa = PBXFileReference; lastKnownFileType = sourcecode.swift; path = todoTests.swift; sourceTree = "<group>"; };
		63F374882087811100811824 /* Info.plist */ = {isa = PBXFileReference; lastKnownFileType = text.plist.xml; path = Info.plist; sourceTree = "<group>"; };
		63F3748D2087811100811824 /* todoUITests.xctest */ = {isa = PBXFileReference; explicitFileType = wrapper.cfbundle; includeInIndex = 0; path = todoUITests.xctest; sourceTree = BUILT_PRODUCTS_DIR; };
		63F374912087811100811824 /* todoUITests.swift */ = {isa = PBXFileReference; lastKnownFileType = sourcecode.swift; path = todoUITests.swift; sourceTree = "<group>"; };
		63F374932087811100811824 /* Info.plist */ = {isa = PBXFileReference; lastKnownFileType = text.plist.xml; path = Info.plist; sourceTree = "<group>"; };
		CFD3A7A220B2C2CB000571D1 /* repository */ = {isa = PBXFileReference; lastKnownFileType = text; path = repository; sourceTree = "<group>"; };
		CFD6E80320AD880000B42339 /* File.swift */ = {isa = PBXFileReference; lastKnownFileType = sourcecode.swift; path = File.swift; sourceTree = "<group>"; };
/* End PBXFileReference section */

/* Begin PBXFrameworksBuildPhase section */
		63F3746B2087811100811824 /* Frameworks */ = {
			isa = PBXFrameworksBuildPhase;
			buildActionMask = 2147483647;
			files = (
			);
			runOnlyForDeploymentPostprocessing = 0;
		};
		63F3747F2087811100811824 /* Frameworks */ = {
			isa = PBXFrameworksBuildPhase;
			buildActionMask = 2147483647;
			files = (
			);
			runOnlyForDeploymentPostprocessing = 0;
		};
		63F3748A2087811100811824 /* Frameworks */ = {
			isa = PBXFrameworksBuildPhase;
			buildActionMask = 2147483647;
			files = (
			);
			runOnlyForDeploymentPostprocessing = 0;
		};
/* End PBXFrameworksBuildPhase section */

/* Begin PBXGroup section */
		63F374652087811000811824 = {
			isa = PBXGroup;
			children = (
				CFD3A7A220B2C2CB000571D1 /* repository */,
				CFD6E80320AD880000B42339 /* File.swift */,
				63F374702087811100811824 /* todo */,
				63F374852087811100811824 /* todoTests */,
				63F374902087811100811824 /* todoUITests */,
				63F3746F2087811100811824 /* Products */,
			);
			sourceTree = "<group>";
		};
		63F3746F2087811100811824 /* Products */ = {
			isa = PBXGroup;
			children = (
				63F3746E2087811100811824 /* todo.app */,
				63F374822087811100811824 /* todoTests.xctest */,
				63F3748D2087811100811824 /* todoUITests.xctest */,
			);
			name = Products;
			sourceTree = "<group>";
		};
		63F374702087811100811824 /* todo */ = {
			isa = PBXGroup;
			children = (
				63F374712087811100811824 /* AppDelegate.swift */,
				63F374752087811100811824 /* Main.storyboard */,
				63F374782087811100811824 /* Assets.xcassets */,
				63F3747A2087811100811824 /* LaunchScreen.storyboard */,
				63F3747D2087811100811824 /* Info.plist */,
				63542CED208841B900430D4D /* DetailViewController.swift */,
				63904BCC2088448E00150612 /* ViewController.swift */,
				63904BCE20886FAC00150612 /* TodoModel.swift */,
			);
			path = todo;
			sourceTree = "<group>";
		};
		63F374852087811100811824 /* todoTests */ = {
			isa = PBXGroup;
			children = (
				63F374862087811100811824 /* todoTests.swift */,
				63F374882087811100811824 /* Info.plist */,
			);
			path = todoTests;
			sourceTree = "<group>";
		};
		63F374902087811100811824 /* todoUITests */ = {
			isa = PBXGroup;
			children = (
				63F374912087811100811824 /* todoUITests.swift */,
				63F374932087811100811824 /* Info.plist */,
			);
			path = todoUITests;
			sourceTree = "<group>";
		};
/* End PBXGroup section */

/* Begin PBXNativeTarget section */
		63F3746D2087811100811824 /* todo */ = {
			isa = PBXNativeTarget;
			buildConfigurationList = 63F374962087811100811824 /* Build configuration list for PBXNativeTarget "todo" */;
			buildPhases = (
				63F3746A2087811100811824 /* Sources */,
				63F3746B2087811100811824 /* Frameworks */,
				63F3746C2087811100811824 /* Resources */,
			);
			buildRules = (
			);
			dependencies = (
			);
			name = todo;
			productName = todo;
			productReference = 63F3746E2087811100811824 /* todo.app */;
			productType = "com.apple.product-type.application";
		};
		63F374812087811100811824 /* todoTests */ = {
			isa = PBXNativeTarget;
			buildConfigurationList = 63F374992087811100811824 /* Build configuration list for PBXNativeTarget "todoTests" */;
			buildPhases = (
				63F3747E2087811100811824 /* Sources */,
				63F3747F2087811100811824 /* Frameworks */,
				63F374802087811100811824 /* Resources */,
			);
			buildRules = (
			);
			dependencies = (
				63F374842087811100811824 /* PBXTargetDependency */,
			);
			name = todoTests;
			productName = todoTests;
			productReference = 63F374822087811100811824 /* todoTests.xctest */;
			productType = "com.apple.product-type.bundle.unit-test";
		};
		63F3748C2087811100811824 /* todoUITests */ = {
			isa = PBXNativeTarget;
			buildConfigurationList = 63F3749C2087811100811824 /* Build configuration list for PBXNativeTarget "todoUITests" */;
			buildPhases = (
				63F374892087811100811824 /* Sources */,
				63F3748A2087811100811824 /* Frameworks */,
				63F3748B2087811100811824 /* Resources */,
			);
			buildRules = (
			);
			dependencies = (
				63F3748F2087811100811824 /* PBXTargetDependency */,
			);
			name = todoUITests;
			productName = todoUITests;
			productReference = 63F3748D2087811100811824 /* todoUITests.xctest */;
			productType = "com.apple.product-type.bundle.ui-testing";
		};
/* End PBXNativeTarget section */

/* Begin PBXProject section */
		63F374662087811000811824 /* Project object */ = {
			isa = PBXProject;
			attributes = {
				LastSwiftUpdateCheck = 0920;
				LastUpgradeCheck = 0920;
				ORGANIZATIONNAME = griffith.edu.au;
				TargetAttributes = {
					63F3746D2087811100811824 = {
						CreatedOnToolsVersion = 9.2;
						ProvisioningStyle = Automatic;
					};
					63F374812087811100811824 = {
						CreatedOnToolsVersion = 9.2;
						ProvisioningStyle = Automatic;
						TestTargetID = 63F3746D2087811100811824;
					};
					63F3748C2087811100811824 = {
						CreatedOnToolsVersion = 9.2;
						ProvisioningStyle = Automatic;
						TestTargetID = 63F3746D2087811100811824;
					};
				};
			};
			buildConfigurationList = 63F374692087811000811824 /* Build configuration list for PBXProject "todo" */;
			compatibilityVersion = "Xcode 8.0";
			developmentRegion = en;
			hasScannedForEncodings = 0;
			knownRegions = (
				en,
				Base,
			);
			mainGroup = 63F374652087811000811824;
			productRefGroup = 63F3746F2087811100811824 /* Products */;
			projectDirPath = "";
			projectRoot = "";
			targets = (
				63F3746D2087811100811824 /* todo */,
				63F374812087811100811824 /* todoTests */,
				63F3748C2087811100811824 /* todoUITests */,
			);
		};
/* End PBXProject section */

/* Begin PBXResourcesBuildPhase section */
		63F3746C2087811100811824 /* Resources */ = {
			isa = PBXResourcesBuildPhase;
			buildActionMask = 2147483647;
			files = (
				63F3747C2087811100811824 /* LaunchScreen.storyboard in Resources */,
				63F374792087811100811824 /* Assets.xcassets in Resources */,
				CFD3A7A320B2C2CB000571D1 /* repository in Resources */,
				63F374772087811100811824 /* Main.storyboard in Resources */,
			);
			runOnlyForDeploymentPostprocessing = 0;
		};
		63F374802087811100811824 /* Resources */ = {
			isa = PBXResourcesBuildPhase;
			buildActionMask = 2147483647;
			files = (
			);
			runOnlyForDeploymentPostprocessing = 0;
		};
		63F3748B2087811100811824 /* Resources */ = {
			isa = PBXResourcesBuildPhase;
			buildActionMask = 2147483647;
			files = (
			);
			runOnlyForDeploymentPostprocessing = 0;
		};
/* End PBXResourcesBuildPhase section */

/* Begin PBXSourcesBuildPhase section */
		63F3746A2087811100811824 /* Sources */ = {
			isa = PBXSourcesBuildPhase;
			buildActionMask = 2147483647;
			files = (
				CFD6E80420AD880000B42339 /* File.swift in Sources */,
				63904BCD2088448E00150612 /* ViewController.swift in Sources */,
				63904BCF20886FAC00150612 /* TodoModel.swift in Sources */,
				63542CEE208841B900430D4D /* DetailViewController.swift in Sources */,
				63F374722087811100811824 /* AppDelegate.swift in Sources */,
			);
			runOnlyForDeploymentPostprocessing = 0;
		};
		63F3747E2087811100811824 /* Sources */ = {
			isa = PBXSourcesBuildPhase;
			buildActionMask = 2147483647;
			files = (
				63F374872087811100811824 /* todoTests.swift in Sources */,
			);
			runOnlyForDeploymentPostprocessing = 0;
		};
		63F374892087811100811824 /* Sources */ = {
			isa = PBXSourcesBuildPhase;
			buildActionMask = 2147483647;
			files = (
				63F374922087811100811824 /* todoUITests.swift in Sources */,
			);
			runOnlyForDeploymentPostprocessing = 0;
		};
/* End PBXSourcesBuildPhase section */

/* Begin PBXTargetDependency section */
		63F374842087811100811824 /* PBXTargetDependency */ = {
			isa = PBXTargetDependency;
			target = 63F3746D2087811100811824 /* todo */;
			targetProxy = 63F374832087811100811824 /* PBXContainerItemProxy */;
		};
		63F3748F2087811100811824 /* PBXTargetDependency */ = {
			isa = PBXTargetDependency;
			target = 63F3746D2087811100811824 /* todo */;
			targetProxy = 63F3748E2087811100811824 /* PBXContainerItemProxy */;
		};
/* End PBXTargetDependency section */

/* Begin PBXVariantGroup section */
		63F374752087811100811824 /* Main.storyboard */ = {
			isa = PBXVariantGroup;
			children = (
				63F374762087811100811824 /* Base */,
			);
			name = Main.storyboard;
			sourceTree = "<group>";
		};
		63F3747A2087811100811824 /* LaunchScreen.storyboard */ = {
			isa = PBXVariantGroup;
			children = (
				63F3747B2087811100811824 /* Base */,
			);
			name = LaunchScreen.storyboard;
			sourceTree = "<group>";
		};
/* End PBXVariantGroup section */

/* Begin XCBuildConfiguration section */
		63F374942087811100811824 /* Debug */ = {
			isa = XCBuildConfiguration;
			buildSettings = {
				ALWAYS_SEARCH_USER_PATHS = NO;
				CLANG_ANALYZER_NONNULL = YES;
				CLANG_ANALYZER_NUMBER_OBJECT_CONVERSION = YES_AGGRESSIVE;
				CLANG_CXX_LANGUAGE_STANDARD = "gnu++14";
				CLANG_CXX_LIBRARY = "libc++";
				CLANG_ENABLE_MODULES = YES;
				CLANG_ENABLE_OBJC_ARC = YES;
				CLANG_WARN_BLOCK_CAPTURE_AUTORELEASING = YES;
				CLANG_WARN_BOOL_CONVERSION = YES;
				CLANG_WARN_COMMA = YES;
				CLANG_WARN_CONSTANT_CONVERSION = YES;
				CLANG_WARN_DIRECT_OBJC_ISA_USAGE = YES_ERROR;
				CLANG_WARN_DOCUMENTATION_COMMENTS = YES;
				CLANG_WARN_EMPTY_BODY = YES;
				CLANG_WARN_ENUM_CONVERSION = YES;
				CLANG_WARN_INFINITE_RECURSION = YES;
				CLANG_WARN_INT_CONVERSION = YES;
				CLANG_WARN_NON_LITERAL_NULL_CONVERSION = YES;
				CLANG_WARN_OBJC_LITERAL_CONVERSION = YES;
				CLANG_WARN_OBJC_ROOT_CLASS = YES_ERROR;
				CLANG_WARN_RANGE_LOOP_ANALYSIS = YES;
				CLANG_WARN_STRICT_PROTOTYPES = YES;
				CLANG_WARN_SUSPICIOUS_MOVE = YES;
				CLANG_WARN_UNGUARDED_AVAILABILITY = YES_AGGRESSIVE;
				CLANG_WARN_UNREACHABLE_CODE = YES;
				CLANG_WARN__DUPLICATE_METHOD_MATCH = YES;
				CODE_SIGN_IDENTITY = "iPhone Developer";
				COPY_PHASE_STRIP = NO;
				DEBUG_INFORMATION_FORMAT = dwarf;
				ENABLE_STRICT_OBJC_MSGSEND = YES;
				ENABLE_TESTABILITY = YES;
				GCC_C_LANGUAGE_STANDARD = gnu11;
				GCC_DYNAMIC_NO_PIC = NO;
				GCC_NO_COMMON_BLOCKS = YES;
				GCC_OPTIMIZATION_LEVEL = 0;
				GCC_PREPROCESSOR_DEFINITIONS = (
					"DEBUG=1",
					"$(inherited)",
				);
				GCC_WARN_64_TO_32_BIT_CONVERSION = YES;
				GCC_WARN_ABOUT_RETURN_TYPE = YES_ERROR;
				GCC_WARN_UNDECLARED_SELECTOR = YES;
				GCC_WARN_UNINITIALIZED_AUTOS = YES_AGGRESSIVE;
				GCC_WARN_UNUSED_FUNCTION = YES;
				GCC_WARN_UNUSED_VARIABLE = YES;
				IPHONEOS_DEPLOYMENT_TARGET = 11.2;
				MTL_ENABLE_DEBUG_INFO = YES;
				ONLY_ACTIVE_ARCH = YES;
				SDKROOT = iphoneos;
				SWIFT_ACTIVE_COMPILATION_CONDITIONS = DEBUG;
				SWIFT_OPTIMIZATION_LEVEL = "-Onone";
			};
			name = Debug;
		};
		63F374952087811100811824 /* Release */ = {
			isa = XCBuildConfiguration;
			buildSettings = {
				ALWAYS_SEARCH_USER_PATHS = NO;
				CLANG_ANALYZER_NONNULL = YES;
				CLANG_ANALYZER_NUMBER_OBJECT_CONVERSION = YES_AGGRESSIVE;
				CLANG_CXX_LANGUAGE_STANDARD = "gnu++14";
				CLANG_CXX_LIBRARY = "libc++";
				CLANG_ENABLE_MODULES = YES;
				CLANG_ENABLE_OBJC_ARC = YES;
				CLANG_WARN_BLOCK_CAPTURE_AUTORELEASING = YES;
				CLANG_WARN_BOOL_CONVERSION = YES;
				CLANG_WARN_COMMA = YES;
				CLANG_WARN_CONSTANT_CONVERSION = YES;
				CLANG_WARN_DIRECT_OBJC_ISA_USAGE = YES_ERROR;
				CLANG_WARN_DOCUMENTATION_COMMENTS = YES;
				CLANG_WARN_EMPTY_BODY = YES;
				CLANG_WARN_ENUM_CONVERSION = YES;
				CLANG_WARN_INFINITE_RECURSION = YES;
				CLANG_WARN_INT_CONVERSION = YES;
				CLANG_WARN_NON_LITERAL_NULL_CONVERSION = YES;
				CLANG_WARN_OBJC_LITERAL_CONVERSION = YES;
				CLANG_WARN_OBJC_ROOT_CLASS = YES_ERROR;
				CLANG_WARN_RANGE_LOOP_ANALYSIS = YES;
				CLANG_WARN_STRICT_PROTOTYPES = YES;
				CLANG_WARN_SUSPICIOUS_MOVE = YES;
				CLANG_WARN_UNGUARDED_AVAILABILITY = YES_AGGRESSIVE;
				CLANG_WARN_UNREACHABLE_CODE = YES;
				CLANG_WARN__DUPLICATE_METHOD_MATCH = YES;
				CODE_SIGN_IDENTITY = "iPhone Developer";
				COPY_PHASE_STRIP = NO;
				DEBUG_INFORMATION_FORMAT = "dwarf-with-dsym";
				ENABLE_NS_ASSERTIONS = NO;
				ENABLE_STRICT_OBJC_MSGSEND = YES;
				GCC_C_LANGUAGE_STANDARD = gnu11;
				GCC_NO_COMMON_BLOCKS = YES;
				GCC_WARN_64_TO_32_BIT_CONVERSION = YES;
				GCC_WARN_ABOUT_RETURN_TYPE = YES_ERROR;
				GCC_WARN_UNDECLARED_SELECTOR = YES;
				GCC_WARN_UNINITIALIZED_AUTOS = YES_AGGRESSIVE;
				GCC_WARN_UNUSED_FUNCTION = YES;
				GCC_WARN_UNUSED_VARIABLE = YES;
				IPHONEOS_DEPLOYMENT_TARGET = 11.2;
				MTL_ENABLE_DEBUG_INFO = NO;
				SDKROOT = iphoneos;
				SWIFT_OPTIMIZATION_LEVEL = "-Owholemodule";
				VALIDATE_PRODUCT = YES;
			};
			name = Release;
		};
		63F374972087811100811824 /* Debug */ = {
			isa = XCBuildConfiguration;
			buildSettings = {
				ASSETCATALOG_COMPILER_APPICON_NAME = AppIcon;
				CODE_SIGN_STYLE = Automatic;
				DEVELOPMENT_TEAM = "";
				INFOPLIST_FILE = todo/Info.plist;
				LD_RUNPATH_SEARCH_PATHS = "$(inherited) @executable_path/Frameworks";
				PRODUCT_BUNDLE_IDENTIFIER = au.edu.griffith.ict.prog;
				PRODUCT_NAME = "$(TARGET_NAME)";
				SWIFT_VERSION = 4.0;
				TARGETED_DEVICE_FAMILY = "1,2";
			};
			name = Debug;
		};
		63F374982087811100811824 /* Release */ = {
			isa = XCBuildConfiguration;
			buildSettings = {
				ASSETCATALOG_COMPILER_APPICON_NAME = AppIcon;
				CODE_SIGN_STYLE = Automatic;
				DEVELOPMENT_TEAM = "";
				INFOPLIST_FILE = todo/Info.plist;
				LD_RUNPATH_SEARCH_PATHS = "$(inherited) @executable_path/Frameworks";
				PRODUCT_BUNDLE_IDENTIFIER = au.edu.griffith.ict.prog;
				PRODUCT_NAME = "$(TARGET_NAME)";
				SWIFT_VERSION = 4.0;
				TARGETED_DEVICE_FAMILY = "1,2";
			};
			name = Release;
		};
		63F3749A2087811100811824 /* Debug */ = {
			isa = XCBuildConfiguration;
			buildSettings = {
				ALWAYS_EMBED_SWIFT_STANDARD_LIBRARIES = YES;
				BUNDLE_LOADER = "$(TEST_HOST)";
				CODE_SIGN_STYLE = Automatic;
				INFOPLIST_FILE = todoTests/Info.plist;
				LD_RUNPATH_SEARCH_PATHS = "$(inherited) @executable_path/Frameworks @loader_path/Frameworks";
				PRODUCT_BUNDLE_IDENTIFIER = Dafengxi.todoTests;
				PRODUCT_NAME = "$(TARGET_NAME)";
				SWIFT_VERSION = 4.0;
				TARGETED_DEVICE_FAMILY = "1,2";
				TEST_HOST = "$(BUILT_PRODUCTS_DIR)/todo.app/todo";
			};
			name = Debug;
		};
		63F3749B2087811100811824 /* Release */ = {
			isa = XCBuildConfiguration;
			buildSettings = {
				ALWAYS_EMBED_SWIFT_STANDARD_LIBRARIES = YES;
				BUNDLE_LOADER = "$(TEST_HOST)";
				CODE_SIGN_STYLE = Automatic;
				INFOPLIST_FILE = todoTests/Info.plist;
				LD_RUNPATH_SEARCH_PATHS = "$(inherited) @executable_path/Frameworks @loader_path/Frameworks";
				PRODUCT_BUNDLE_IDENTIFIER = Dafengxi.todoTests;
				PRODUCT_NAME = "$(TARGET_NAME)";
				SWIFT_VERSION = 4.0;
				TARGETED_DEVICE_FAMILY = "1,2";
				TEST_HOST = "$(BUILT_PRODUCTS_DIR)/todo.app/todo";
			};
			name = Release;
		};
		63F3749D2087811100811824 /* Debug */ = {
			isa = XCBuildConfiguration;
			buildSettings = {
				ALWAYS_EMBED_SWIFT_STANDARD_LIBRARIES = YES;
				CODE_SIGN_STYLE = Automatic;
				INFOPLIST_FILE = todoUITests/Info.plist;
				LD_RUNPATH_SEARCH_PATHS = "$(inherited) @executable_path/Frameworks @loader_path/Frameworks";
				PRODUCT_BUNDLE_IDENTIFIER = Dafengxi.todoUITests;
				PRODUCT_NAME = "$(TARGET_NAME)";
				SWIFT_VERSION = 4.0;
				TARGETED_DEVICE_FAMILY = "1,2";
				TEST_TARGET_NAME = todo;
			};
			name = Debug;
		};
		63F3749E2087811100811824 /* Release */ = {
			isa = XCBuildConfiguration;
			buildSettings = {
				ALWAYS_EMBED_SWIFT_STANDARD_LIBRARIES = YES;
				CODE_SIGN_STYLE = Automatic;
				INFOPLIST_FILE = todoUITests/Info.plist;
				LD_RUNPATH_SEARCH_PATHS = "$(inherited) @executable_path/Frameworks @loader_path/Frameworks";
				PRODUCT_BUNDLE_IDENTIFIER = Dafengxi.todoUITests;
				PRODUCT_NAME = "$(TARGET_NAME)";
				SWIFT_VERSION = 4.0;
				TARGETED_DEVICE_FAMILY = "1,2";
				TEST_TARGET_NAME = todo;
			};
			name = Release;
		};
/* End XCBuildConfiguration section */

/* Begin XCConfigurationList section */
		63F374692087811000811824 /* Build configuration list for PBXProject "todo" */ = {
			isa = XCConfigurationList;
			buildConfigurations = (
				63F374942087811100811824 /* Debug */,
				63F374952087811100811824 /* Release */,
			);
			defaultConfigurationIsVisible = 0;
			defaultConfigurationName = Release;
		};
		63F374962087811100811824 /* Build configuration list for PBXNativeTarget "todo" */ = {
			isa = XCConfigurationList;
			buildConfigurations = (
				63F374972087811100811824 /* Debug */,
				63F374982087811100811824 /* Release */,
			);
			defaultConfigurationIsVisible = 0;
			defaultConfigurationName = Release;
		};
		63F374992087811100811824 /* Build configuration list for PBXNativeTarget "todoTests" */ = {
			isa = XCConfigurationList;
			buildConfigurations = (
				63F3749A2087811100811824 /* Debug */,
				63F3749B2087811100811824 /* Release */,
			);
			defaultConfigurationIsVisible = 0;
			defaultConfigurationName = Release;
		};
		63F3749C2087811100811824 /* Build configuration list for PBXNativeTarget "todoUITests" */ = {
			isa = XCConfigurationList;
			buildConfigurations = (
				63F3749D2087811100811824 /* Debug */,
				63F3749E2087811100811824 /* Release */,
			);
			defaultConfigurationIsVisible = 0;
			defaultConfigurationName = Release;
		};
/* End XCConfigurationList section */
	};
	rootObject = 63F374662087811000811824 /* Project object */;
}
